
Microsoft Visual Studio Solution File, Format Version 12.00
# Visual Studio Version 16
VisualStudioVersion = 16.0.31313.79
MinimumVisualStudioVersion = 10.0.40219.1
Project("{FAE04EC0-301F-11D3-BF4B-00C04F79EFBC}") = "Tragamonedas", "Tragamonedas\Tragamonedas.csproj", "{AEB2CA6A-9860-4173-BDDF-6008B4BD1324}"
EndProject
Global
	GlobalSection(SolutionConfigurationPlatforms) = preSolution
		Debug|Any CPU = Debug|Any CPU
		Release|Any CPU = Release|Any CPU
	EndGlobalSection
	GlobalSection(ProjectConfigurationPlatforms) = postSolution
		{AEB2CA6A-9860-4173-BDDF-6008B4BD1324}.Debug|Any CPU.ActiveCfg = Debug|Any CPU
		{AEB2CA6A-9860-4173-BDDF-6008B4BD1324}.Debug|Any CPU.Build.0 = Debug|Any CPU
		{AEB2CA6A-9860-4173-BDDF-6008B4BD1324}.Release|Any CPU.ActiveCfg = Release|Any CPU
		{AEB2CA6A-9860-4173-BDDF-6008B4BD1324}.Release|Any CPU.Build.0 = Release|Any CPU
	EndGlobalSection
	GlobalSection(SolutionProperties) = preSolution
		HideSolutionNode = FALSE
	EndGlobalSection
	GlobalSection(ExtensibilityGlobals) = postSolution
		SolutionGuid = {28D6DCD3-C3D0-459F-9AEA-811EAC9B559A}
	EndGlobalSection
EndGlobal
